
Microsoft Visual Studio Solution File, Format Version 12.00
Project("{FAE04EC0-301F-11D3-BF4B-00C04F79EFBC}") = "MusicSelection", "MusicSelection\MusicSelection.csproj", "{878F8207-E2C8-462A-8D81-27F668F4D5E4}"
EndProject
Global
	GlobalSection(SolutionConfigurationPlatforms) = preSolution
		Debug|Any CPU = Debug|Any CPU
		Release|Any CPU = Release|Any CPU
	EndGlobalSection
	GlobalSection(ProjectConfigurationPlatforms) = postSolution
		{878F8207-E2C8-462A-8D81-27F668F4D5E4}.Debug|Any CPU.ActiveCfg = Debug|Any CPU
		{878F8207-E2C8-462A-8D81-27F668F4D5E4}.Debug|Any CPU.Build.0 = Debug|Any CPU
		{878F8207-E2C8-462A-8D81-27F668F4D5E4}.Release|Any CPU.ActiveCfg = Release|Any CPU
		{878F8207-E2C8-462A-8D81-27F668F4D5E4}.Release|Any CPU.Build.0 = Release|Any CPU
	EndGlobalSection
EndGlobal
